
Microsoft Visual Studio Solution File, Format Version 11.00
# Visual Studio 2010
Project("{FAE04EC0-301F-11D3-BF4B-00C04F79EFBC}") = "ResourceParser", "Assembly-CSharp.csproj", "{5A632177-6740-715F-DD08-92F284E460EC}"
EndProject
Global
	GlobalSection(SolutionConfigurationPlatforms) = preSolution
		Debug|Any CPU = Debug|Any CPU
		Release|Any CPU = Release|Any CPU
	EndGlobalSection
	GlobalSection(ProjectConfigurationPlatforms) = postSolution
		{5A632177-6740-715F-DD08-92F284E460EC}.Debug|Any CPU.ActiveCfg = Debug|Any CPU
		{5A632177-6740-715F-DD08-92F284E460EC}.Debug|Any CPU.Build.0 = Debug|Any CPU
		{5A632177-6740-715F-DD08-92F284E460EC}.Release|Any CPU.ActiveCfg = Release|Any CPU
		{5A632177-6740-715F-DD08-92F284E460EC}.Release|Any CPU.Build.0 = Release|Any CPU
	EndGlobalSection
	GlobalSection(SolutionProperties) = preSolution
		HideSolutionNode = FALSE
	EndGlobalSection
	GlobalSection(MonoDevelopProperties) = preSolution
		StartupItem = Assembly-CSharp.csproj
	EndGlobalSection
EndGlobal
